
Microsoft Visual Studio Solution File, Format Version 12.00
# Visual Studio Version 17
VisualStudioVersion = 17.9.34728.123
MinimumVisualStudioVersion = 10.0.40219.1
Project("{888888A0-9F3D-457C-B088-3A5042F75D52}") = "LambdaAutenticacao", "LambdaAutenticacao\LambdaAutenticacao.pyproj", "{E17A0914-7412-4165-8367-22FB0E250852}"
EndProject
Global
	GlobalSection(SolutionConfigurationPlatforms) = preSolution
		Debug|Any CPU = Debug|Any CPU
		Release|Any CPU = Release|Any CPU
	EndGlobalSection
	GlobalSection(ProjectConfigurationPlatforms) = postSolution
		{E17A0914-7412-4165-8367-22FB0E250852}.Debug|Any CPU.ActiveCfg = Debug|Any CPU
		{E17A0914-7412-4165-8367-22FB0E250852}.Release|Any CPU.ActiveCfg = Release|Any CPU
	EndGlobalSection
	GlobalSection(SolutionProperties) = preSolution
		HideSolutionNode = FALSE
	EndGlobalSection
	GlobalSection(ExtensibilityGlobals) = postSolution
		SolutionGuid = {7E7EF8F4-F9BF-4BAD-8DAE-3FBBD5560AC7}
	EndGlobalSection
EndGlobal
