{
  "version": 4,
  "terraform_version": "1.9.5",
  "serial": 51,
  "lineage": "e7a65f8a-a886-d698-8966-e91a051c60ee",
  "outputs": {
    "base_url": {
      "value": "https://b3mlj7pz32.execute-api.us-east-1.amazonaws.com/dev",
      "type": "string"
    },
    "lambdas": {
      "value": [
        {
          "arn": "arn:aws:lambda:us-east-1:617932910341:function:autenticacao",
          "description": "",
          "last_modified": "2024-09-21T19:14:19.000+0000",
          "name": "autenticacao",
          "version": "$LATEST"
        }
      ],
      "type": [
        "tuple",
        [
          [
            "object",
            {
              "arn": "string",
              "description": "string",
              "last_modified": "string",
              "name": "string",
              "version": "string"
            }
          ]
        ]
      ]
    }
  },
  "resources": [
    {
      "mode": "data",
      "type": "archive_file",
      "name": "autenticacao",
      "provider": "provider[\"registry.terraform.io/hashicorp/archive\"]",
      "instances": [
        {
          "schema_version": 0,
          "attributes": {
            "exclude_symlink_directories": null,
            "excludes": null,
            "id": "04c345ec93cafe12a1e857c2bbe406c812ca19ca",
            "output_base64sha256": "bVAxJWgZY5S1FvyZ0XwhVPnMpEBbSuS0F3MaJVvtSFw=",
            "output_base64sha512": "rzQ/tMW6wtPNSNnMCrWG6BICB8xRCm8I6LXZXGPC/LqxIQCUAduT4VswwdQc+5FNNlmBUuZ/SoQcqPIy6xfZ1Q==",
            "output_file_mode": null,
            "output_md5": "b6e71375fa203900905f8da66b6d67c6",
            "output_path": "files/autenticacao.zip",
            "output_sha": "04c345ec93cafe12a1e857c2bbe406c812ca19ca",
            "output_sha256": "6d50312568196394b516fc99d17c2154f9cca4405b4ae4b417731a255bed485c",
            "output_sha512": "af343fb4c5bac2d3cd48d9cc0ab586e8120207cc510a6f08e8b5d95c63c2fcbab121009401db93e15b30c1d41cfb914d36598152e67f4a841ca8f232eb17d9d5",
            "output_size": 592,
            "source": [],
            "source_content": null,
            "source_content_filename": null,
            "source_dir": null,
            "source_file": "Lambda/autenticacao.py",
            "type": "zip"
          },
          "sensitive_attributes": []
        }
      ]
    },
    {
      "mode": "data",
      "type": "aws_ami",
      "name": "ubuntu",
      "provider": "provider[\"registry.terraform.io/hashicorp/aws\"]",
      "instances": [
        {
          "schema_version": 0,
          "attributes": {
            "architecture": "x86_64",
            "arn": "arn:aws:ec2:us-east-1::image/ami-00557cf94637e1031",
            "block_device_mappings": [
              {
                "device_name": "/dev/sda1",
                "ebs": {
                  "delete_on_termination": "true",
                  "encrypted": "false",
                  "iops": "3000",
                  "snapshot_id": "snap-09d7aae153c02fa1c",
                  "throughput": "125",
                  "volume_size": "35",
                  "volume_type": "gp3"
                },
                "no_device": "",
                "virtual_name": ""
              },
              {
                "device_name": "/dev/sdb",
                "ebs": {},
                "no_device": "",
                "virtual_name": "ephemeral0"
              },
              {
                "device_name": "/dev/sdc",
                "ebs": {},
                "no_device": "",
                "virtual_name": "ephemeral1"
              }
            ],
            "creation_date": "2024-09-20T23:31:35.000Z",
            "description": "Supported EC2 instances: G3 (G3.16x not supported), P3, P3dn. Release notes: https://docs.aws.amazon.com/dlami/latest/devguide/appendix-ami-release-notes.html",
            "ena_support": true,
            "executable_users": null,
            "filter": null,
            "hypervisor": "xen",
            "id": "ami-00557cf94637e1031",
            "image_id": "ami-00557cf94637e1031",
            "image_location": "amazon/Deep Learning Proprietary Nvidia Driver AMI GPU TensorFlow 2.16 (Ubuntu 20.04) 20240920",
            "image_owner_alias": "amazon",
            "image_type": "machine",
            "kernel_id": null,
            "most_recent": true,
            "name": "Deep Learning Proprietary Nvidia Driver AMI GPU TensorFlow 2.16 (Ubuntu 20.04) 20240920",
            "name_regex": "Ubuntu",
            "owner_id": "898082745236",
            "owners": [
              "amazon"
            ],
            "platform": null,
            "platform_details": "Linux/UNIX",
            "product_codes": [],
            "public": true,
            "ramdisk_id": null,
            "root_device_name": "/dev/sda1",
            "root_device_type": "ebs",
            "root_snapshot_id": "snap-09d7aae153c02fa1c",
            "sriov_net_support": "simple",
            "state": "available",
            "state_reason": {
              "code": "UNSET",
              "message": "UNSET"
            },
            "tags": {},
            "usage_operation": "RunInstances",
            "virtualization_type": "hvm"
          },
          "sensitive_attributes": []
        }
      ]
    },
    {
      "mode": "managed",
      "type": "aws_apigatewayv2_api",
      "name": "main",
      "provider": "provider[\"registry.terraform.io/hashicorp/aws\"]",
      "instances": [
        {
          "schema_version": 0,
          "attributes": {
            "api_endpoint": "https://b3mlj7pz32.execute-api.us-east-1.amazonaws.com",
            "api_key_selection_expression": "$request.header.x-api-key",
            "arn": "arn:aws:apigateway:us-east-1::/apis/b3mlj7pz32",
            "body": null,
            "cors_configuration": [],
            "credentials_arn": null,
            "description": "",
            "disable_execute_api_endpoint": false,
            "execution_arn": "arn:aws:execute-api:us-east-1:617932910341:b3mlj7pz32",
            "fail_on_warnings": null,
            "id": "b3mlj7pz32",
            "name": "main",
            "protocol_type": "HTTP",
            "route_key": null,
            "route_selection_expression": "$request.method $request.path",
            "tags": {},
            "tags_all": {
              "CreatedAt": "2024-09-11",
              "ManagedBy": "Terraform",
              "Owner": "Paulo Junior"
            },
            "target": null,
            "version": ""
          },
          "sensitive_attributes": [],
          "private": "bnVsbA=="
        }
      ]
    },
    {
      "mode": "managed",
      "type": "aws_apigatewayv2_integration",
      "name": "lambda",
      "provider": "provider[\"registry.terraform.io/hashicorp/aws\"]",
      "instances": [
        {
          "schema_version": 0,
          "attributes": {
            "api_id": "b3mlj7pz32",
            "connection_id": "",
            "connection_type": "INTERNET",
            "content_handling_strategy": "",
            "credentials_arn": "",
            "description": "",
            "id": "ehr2mdr",
            "integration_method": "POST",
            "integration_response_selection_expression": "",
            "integration_subtype": "",
            "integration_type": "AWS_PROXY",
            "integration_uri": "arn:aws:apigateway:us-east-1:lambda:path/2015-03-31/functions/arn:aws:lambda:us-east-1:617932910341:function:autenticacao/invocations",
            "passthrough_behavior": "",
            "payload_format_version": "1.0",
            "request_parameters": {},
            "request_templates": {},
            "response_parameters": [],
            "template_selection_expression": "",
            "timeout_milliseconds": 30000,
            "tls_config": []
          },
          "sensitive_attributes": [],
          "private": "bnVsbA==",
          "dependencies": [
            "aws_apigatewayv2_api.main",
            "aws_iam_role.autenticacao",
            "aws_lambda_function.autenticacao",
            "data.archive_file.autenticacao"
          ]
        }
      ]
    },
    {
      "mode": "managed",
      "type": "aws_apigatewayv2_route",
      "name": "get_lambda",
      "provider": "provider[\"registry.terraform.io/hashicorp/aws\"]",
      "instances": [
        {
          "schema_version": 0,
          "attributes": {
            "api_id": "b3mlj7pz32",
            "api_key_required": false,
            "authorization_scopes": [],
            "authorization_type": "NONE",
            "authorizer_id": "",
            "id": "p3ojyl7",
            "model_selection_expression": "",
            "operation_name": "",
            "request_models": {},
            "request_parameter": [],
            "route_key": "GET /lambda",
            "route_response_selection_expression": "",
            "target": "integrations/ehr2mdr"
          },
          "sensitive_attributes": [],
          "private": "bnVsbA==",
          "dependencies": [
            "aws_apigatewayv2_api.main",
            "aws_apigatewayv2_integration.lambda",
            "aws_iam_role.autenticacao",
            "aws_lambda_function.autenticacao",
            "data.archive_file.autenticacao"
          ]
        }
      ]
    },
    {
      "mode": "managed",
      "type": "aws_apigatewayv2_route",
      "name": "post_lambda",
      "provider": "provider[\"registry.terraform.io/hashicorp/aws\"]",
      "instances": [
        {
          "schema_version": 0,
          "attributes": {
            "api_id": "b3mlj7pz32",
            "api_key_required": false,
            "authorization_scopes": [],
            "authorization_type": "NONE",
            "authorizer_id": "",
            "id": "dnkvx3s",
            "model_selection_expression": "",
            "operation_name": "",
            "request_models": {},
            "request_parameter": [],
            "route_key": "POST /lambda",
            "route_response_selection_expression": "",
            "target": "integrations/ehr2mdr"
          },
          "sensitive_attributes": [],
          "private": "bnVsbA==",
          "dependencies": [
            "aws_apigatewayv2_api.main",
            "aws_apigatewayv2_integration.lambda",
            "aws_iam_role.autenticacao",
            "aws_lambda_function.autenticacao",
            "data.archive_file.autenticacao"
          ]
        }
      ]
    },
    {
      "mode": "managed",
      "type": "aws_apigatewayv2_stage",
      "name": "dev",
      "provider": "provider[\"registry.terraform.io/hashicorp/aws\"]",
      "instances": [
        {
          "schema_version": 0,
          "attributes": {
            "access_log_settings": [],
            "api_id": "b3mlj7pz32",
            "arn": "arn:aws:apigateway:us-east-1::/apis/b3mlj7pz32/stages/dev",
            "auto_deploy": true,
            "client_certificate_id": "",
            "default_route_settings": [
              {
                "data_trace_enabled": false,
                "detailed_metrics_enabled": false,
                "logging_level": "",
                "throttling_burst_limit": 0,
                "throttling_rate_limit": 0
              }
            ],
            "deployment_id": "ze9p6q",
            "description": "",
            "execution_arn": "arn:aws:execute-api:us-east-1:617932910341:b3mlj7pz32/dev",
            "id": "dev",
            "invoke_url": "https://b3mlj7pz32.execute-api.us-east-1.amazonaws.com/dev",
            "name": "dev",
            "route_settings": [],
            "stage_variables": {},
            "tags": {},
            "tags_all": {
              "CreatedAt": "2024-09-11",
              "ManagedBy": "Terraform",
              "Owner": "Paulo Junior"
            }
          },
          "sensitive_attributes": [],
          "private": "bnVsbA==",
          "dependencies": [
            "aws_apigatewayv2_api.main"
          ]
        }
      ]
    },
    {
      "mode": "managed",
      "type": "aws_iam_policy",
      "name": "lambda_vpc_policy",
      "provider": "provider[\"registry.terraform.io/hashicorp/aws\"]",
      "instances": [
        {
          "schema_version": 0,
          "attributes": {
            "arn": "arn:aws:iam::617932910341:policy/LambdaVpcPolicy",
            "description": "Policy for Lambda to manage network interfaces in VPC",
            "id": "arn:aws:iam::617932910341:policy/LambdaVpcPolicy",
            "name": "LambdaVpcPolicy",
            "name_prefix": null,
            "path": "/",
            "policy": "{\"Statement\":[{\"Action\":[\"ec2:CreateNetworkInterface\",\"ec2:DeleteNetworkInterface\",\"ec2:DescribeNetworkInterfaces\",\"ec2:DetachNetworkInterface\",\"ec2:AttachNetworkInterface\"],\"Effect\":\"Allow\",\"Resource\":\"*\"}],\"Version\":\"2012-10-17\"}",
            "policy_id": "ANPAY7X5L54CX446BGXUB",
            "tags": {},
            "tags_all": {
              "CreatedAt": "2024-09-11",
              "ManagedBy": "Terraform",
              "Owner": "Paulo Junior"
            }
          },
          "sensitive_attributes": [],
          "private": "bnVsbA=="
        }
      ]
    },
    {
      "mode": "managed",
      "type": "aws_iam_role",
      "name": "autenticacao",
      "provider": "provider[\"registry.terraform.io/hashicorp/aws\"]",
      "instances": [
        {
          "schema_version": 0,
          "attributes": {
            "arn": "arn:aws:iam::617932910341:role/autenticacao",
            "assume_role_policy": "{\"Version\":\"2012-10-17\",\"Statement\":[{\"Effect\":\"Allow\",\"Principal\":{\"Service\":\"lambda.amazonaws.com\"},\"Action\":\"sts:AssumeRole\"}]}",
            "create_date": "2024-09-21T19:01:48Z",
            "description": "",
            "force_detach_policies": false,
            "id": "autenticacao",
            "inline_policy": [
              {
                "name": "",
                "policy": ""
              }
            ],
            "managed_policy_arns": [
              "arn:aws:iam::617932910341:policy/LambdaVpcPolicy",
              "arn:aws:iam::aws:policy/service-role/AWSLambdaBasicExecutionRole"
            ],
            "max_session_duration": 3600,
            "name": "autenticacao",
            "name_prefix": "",
            "path": "/",
            "permissions_boundary": null,
            "tags": {},
            "tags_all": {
              "CreatedAt": "2024-09-11",
              "ManagedBy": "Terraform",
              "Owner": "Paulo Junior"
            },
            "unique_id": "AROAY7X5L54CQC2YZPAES"
          },
          "sensitive_attributes": [],
          "private": "bnVsbA=="
        }
      ]
    },
    {
      "mode": "managed",
      "type": "aws_iam_role_policy_attachment",
      "name": "lambda_policy",
      "provider": "provider[\"registry.terraform.io/hashicorp/aws\"]",
      "instances": [
        {
          "schema_version": 0,
          "attributes": {
            "id": "autenticacao-20240921190201909700000001",
            "policy_arn": "arn:aws:iam::aws:policy/service-role/AWSLambdaBasicExecutionRole",
            "role": "autenticacao"
          },
          "sensitive_attributes": [],
          "private": "bnVsbA==",
          "dependencies": [
            "aws_iam_role.autenticacao"
          ]
        }
      ]
    },
    {
      "mode": "managed",
      "type": "aws_iam_role_policy_attachment",
      "name": "lambda_vpc_policy_attachment",
      "provider": "provider[\"registry.terraform.io/hashicorp/aws\"]",
      "instances": [
        {
          "schema_version": 0,
          "attributes": {
            "id": "autenticacao-20240921190201930100000002",
            "policy_arn": "arn:aws:iam::617932910341:policy/LambdaVpcPolicy",
            "role": "autenticacao"
          },
          "sensitive_attributes": [],
          "private": "bnVsbA==",
          "dependencies": [
            "aws_iam_policy.lambda_vpc_policy",
            "aws_iam_role.autenticacao"
          ]
        }
      ]
    },
    {
      "mode": "managed",
      "type": "aws_instance",
      "name": "web",
      "provider": "provider[\"registry.terraform.io/hashicorp/aws\"]",
      "instances": [
        {
          "schema_version": 1,
          "attributes": {
            "ami": "ami-00557cf94637e1031",
            "arn": "arn:aws:ec2:us-east-1:617932910341:instance/i-0b91171c4801b512a",
            "associate_public_ip_address": true,
            "availability_zone": "us-east-1c",
            "capacity_reservation_specification": [
              {
                "capacity_reservation_preference": "open",
                "capacity_reservation_target": []
              }
            ],
            "cpu_core_count": 1,
            "cpu_threads_per_core": 2,
            "credit_specification": [
              {
                "cpu_credits": "unlimited"
              }
            ],
            "disable_api_termination": false,
            "ebs_block_device": [],
            "ebs_optimized": false,
            "enclave_options": [
              {
                "enabled": false
              }
            ],
            "ephemeral_block_device": [],
            "get_password_data": false,
            "hibernation": false,
            "host_id": null,
            "iam_instance_profile": "",
            "id": "i-0b91171c4801b512a",
            "instance_initiated_shutdown_behavior": "stop",
            "instance_state": "running",
            "instance_type": "t3.micro",
            "ipv6_address_count": 0,
            "ipv6_addresses": [],
            "key_name": "",
            "launch_template": [],
            "metadata_options": [
              {
                "http_endpoint": "enabled",
                "http_put_response_hop_limit": 1,
                "http_tokens": "optional",
                "instance_metadata_tags": "disabled"
              }
            ],
            "monitoring": false,
            "network_interface": [],
            "outpost_arn": "",
            "password_data": "",
            "placement_group": "",
            "placement_partition_number": null,
            "primary_network_interface_id": "eni-055b45eb3ce2f338c",
            "private_dns": "ip-172-31-27-204.ec2.internal",
            "private_ip": "172.31.27.204",
            "public_dns": "ec2-54-163-210-245.compute-1.amazonaws.com",
            "public_ip": "54.163.210.245",
            "root_block_device": [
              {
                "delete_on_termination": true,
                "device_name": "/dev/sda1",
                "encrypted": false,
                "iops": 3000,
                "kms_key_id": "",
                "tags": {},
                "throughput": 125,
                "volume_id": "vol-022d12f9bd0a8e926",
                "volume_size": 35,
                "volume_type": "gp3"
              }
            ],
            "secondary_private_ips": [],
            "security_groups": [
              "default"
            ],
            "source_dest_check": true,
            "subnet_id": "subnet-080a6f549f586ee2e",
            "tags": {
              "Env": "dev",
              "Name": "dev: ambiente "
            },
            "tags_all": {
              "CreatedAt": "2024-09-11",
              "Env": "dev",
              "ManagedBy": "Terraform",
              "Name": "dev: ambiente ",
              "Owner": "Paulo Junior"
            },
            "tenancy": "default",
            "timeouts": null,
            "user_data": null,
            "user_data_base64": null,
            "volume_tags": null,
            "vpc_security_group_ids": [
              "sg-05bc113affd31c83b"
            ]
          },
          "sensitive_attributes": [],
          "private": "eyJlMmJmYjczMC1lY2FhLTExZTYtOGY4OC0zNDM2M2JjN2M0YzAiOnsiY3JlYXRlIjo2MDAwMDAwMDAwMDAsImRlbGV0ZSI6MTIwMDAwMDAwMDAwMCwidXBkYXRlIjo2MDAwMDAwMDAwMDB9LCJzY2hlbWFfdmVyc2lvbiI6IjEifQ==",
          "dependencies": [
            "data.aws_ami.ubuntu"
          ]
        }
      ]
    },
    {
      "mode": "managed",
      "type": "aws_lambda_function",
      "name": "autenticacao",
      "provider": "provider[\"registry.terraform.io/hashicorp/aws\"]",
      "instances": [
        {
          "schema_version": 0,
          "attributes": {
            "architectures": [
              "x86_64"
            ],
            "arn": "arn:aws:lambda:us-east-1:617932910341:function:autenticacao",
            "code_signing_config_arn": "",
            "dead_letter_config": [],
            "description": "",
            "environment": [],
            "file_system_config": [],
            "filename": "files/autenticacao.zip",
            "function_name": "autenticacao",
            "handler": "autenticacao.lambda_handler",
            "id": "autenticacao",
            "image_config": [],
            "image_uri": "",
            "invoke_arn": "arn:aws:apigateway:us-east-1:lambda:path/2015-03-31/functions/arn:aws:lambda:us-east-1:617932910341:function:autenticacao/invocations",
            "kms_key_arn": "",
            "last_modified": "2024-09-21T19:14:19.000+0000",
            "layers": [],
            "memory_size": 128,
            "package_type": "Zip",
            "publish": false,
            "qualified_arn": "arn:aws:lambda:us-east-1:617932910341:function:autenticacao:$LATEST",
            "reserved_concurrent_executions": -1,
            "role": "arn:aws:iam::617932910341:role/autenticacao",
            "runtime": "python3.9",
            "s3_bucket": null,
            "s3_key": null,
            "s3_object_version": null,
            "signing_job_arn": "",
            "signing_profile_version_arn": "",
            "source_code_hash": "bVAxJWgZY5S1FvyZ0XwhVPnMpEBbSuS0F3MaJVvtSFw=",
            "source_code_size": 592,
            "tags": {},
            "tags_all": {
              "CreatedAt": "2024-09-11",
              "ManagedBy": "Terraform",
              "Owner": "Paulo Junior"
            },
            "timeout": 10,
            "timeouts": null,
            "tracing_config": [
              {
                "mode": "PassThrough"
              }
            ],
            "version": "$LATEST",
            "vpc_config": [
              {
                "security_group_ids": [
                  "sg-085bd6030b50c1583"
                ],
                "subnet_ids": [
                  "subnet-080a6f549f586ee2e",
                  "subnet-0b52c0470b8272d05",
                  "subnet-0fca46bd854fb3d0d"
                ],
                "vpc_id": "vpc-0097cfa49e903b21e"
              }
            ]
          },
          "sensitive_attributes": [],
          "private": "eyJlMmJmYjczMC1lY2FhLTExZTYtOGY4OC0zNDM2M2JjN2M0YzAiOnsiY3JlYXRlIjo2MDAwMDAwMDAwMDB9fQ==",
          "dependencies": [
            "aws_iam_role.autenticacao",
            "data.archive_file.autenticacao"
          ]
        }
      ]
    },
    {
      "mode": "managed",
      "type": "aws_lambda_permission",
      "name": "api_gw",
      "provider": "provider[\"registry.terraform.io/hashicorp/aws\"]",
      "instances": [
        {
          "schema_version": 0,
          "attributes": {
            "action": "lambda:InvokeFunction",
            "event_source_token": null,
            "function_name": "autenticacao",
            "id": "AllowExecutionFromAPIGateway",
            "principal": "apigateway.amazonaws.com",
            "qualifier": "",
            "source_account": null,
            "source_arn": "arn:aws:execute-api:us-east-1:617932910341:b3mlj7pz32/*/*",
            "statement_id": "AllowExecutionFromAPIGateway",
            "statement_id_prefix": null
          },
          "sensitive_attributes": [],
          "private": "bnVsbA==",
          "dependencies": [
            "aws_apigatewayv2_api.main",
            "aws_iam_role.autenticacao",
            "aws_lambda_function.autenticacao",
            "data.archive_file.autenticacao"
          ]
        }
      ]
    }
  ],
  "check_results": null
}
